
Microsoft Visual Studio Solution File, Format Version 11.00
# Visual C# Express 2010
Project("{FAE04EC0-301F-11D3-BF4B-00C04F79EFBC}") = "NoiseMeasuring", "NoiseMeasuring\NoiseMeasuring.csproj", "{E8EE0CE6-9BDA-4C97-A386-0569417778AD}"
EndProject
Global
	GlobalSection(SolutionConfigurationPlatforms) = preSolution
		Debug|x86 = Debug|x86
		Release|x86 = Release|x86
	EndGlobalSection
	GlobalSection(ProjectConfigurationPlatforms) = postSolution
		{E8EE0CE6-9BDA-4C97-A386-0569417778AD}.Debug|x86.ActiveCfg = Debug|x86
		{E8EE0CE6-9BDA-4C97-A386-0569417778AD}.Debug|x86.Build.0 = Debug|x86
		{E8EE0CE6-9BDA-4C97-A386-0569417778AD}.Release|x86.ActiveCfg = Release|x86
		{E8EE0CE6-9BDA-4C97-A386-0569417778AD}.Release|x86.Build.0 = Release|x86
	EndGlobalSection
	GlobalSection(SolutionProperties) = preSolution
		HideSolutionNode = FALSE
	EndGlobalSection
EndGlobal
